
Microsoft Visual Studio Solution File, Format Version 12.00
# Visual Studio Version 16
VisualStudioVersion = 16.0.29911.84
MinimumVisualStudioVersion = 10.0.40219.1
Project("{9A19103F-16F7-4668-BE54-9A1E7A4F7556}") = "SimpleStatsKeeper", "SimpleStatsKeeper\SimpleStatsKeeper.csproj", "{2EBAD749-7DBB-4242-97B5-5195D51D1811}"
EndProject
Project("{9A19103F-16F7-4668-BE54-9A1E7A4F7556}") = "Models", "Models\Models.csproj", "{932A635A-CAD9-437C-AF1B-240B27E70EA4}"
EndProject
Project("{9A19103F-16F7-4668-BE54-9A1E7A4F7556}") = "DAL", "DAL\DAL.csproj", "{971FD66B-4B71-4307-A897-AB9B79F7FA3D}"
EndProject
Project("{9A19103F-16F7-4668-BE54-9A1E7A4F7556}") = "SimpleStatsKeeper.Tests", "SimpleStatsKeeper.Tests\SimpleStatsKeeper.Tests.csproj", "{9EC8C1E8-0688-4EB6-A04D-8EB02A3C468B}"
EndProject
Project("{FAE04EC0-301F-11D3-BF4B-00C04F79EFBC}") = "DAL.Tests", "DAL.Tests\DAL.Tests.csproj", "{9E4DF1BD-5783-41B3-A447-508DA4734229}"
EndProject
Global
	GlobalSection(SolutionConfigurationPlatforms) = preSolution
		Debug|Any CPU = Debug|Any CPU
		Release|Any CPU = Release|Any CPU
	EndGlobalSection
	GlobalSection(ProjectConfigurationPlatforms) = postSolution
		{2EBAD749-7DBB-4242-97B5-5195D51D1811}.Debug|Any CPU.ActiveCfg = Debug|Any CPU
		{2EBAD749-7DBB-4242-97B5-5195D51D1811}.Debug|Any CPU.Build.0 = Debug|Any CPU
		{2EBAD749-7DBB-4242-97B5-5195D51D1811}.Release|Any CPU.ActiveCfg = Release|Any CPU
		{2EBAD749-7DBB-4242-97B5-5195D51D1811}.Release|Any CPU.Build.0 = Release|Any CPU
		{932A635A-CAD9-437C-AF1B-240B27E70EA4}.Debug|Any CPU.ActiveCfg = Debug|Any CPU
		{932A635A-CAD9-437C-AF1B-240B27E70EA4}.Debug|Any CPU.Build.0 = Debug|Any CPU
		{932A635A-CAD9-437C-AF1B-240B27E70EA4}.Release|Any CPU.ActiveCfg = Release|Any CPU
		{932A635A-CAD9-437C-AF1B-240B27E70EA4}.Release|Any CPU.Build.0 = Release|Any CPU
		{971FD66B-4B71-4307-A897-AB9B79F7FA3D}.Debug|Any CPU.ActiveCfg = Debug|Any CPU
		{971FD66B-4B71-4307-A897-AB9B79F7FA3D}.Debug|Any CPU.Build.0 = Debug|Any CPU
		{971FD66B-4B71-4307-A897-AB9B79F7FA3D}.Release|Any CPU.ActiveCfg = Release|Any CPU
		{971FD66B-4B71-4307-A897-AB9B79F7FA3D}.Release|Any CPU.Build.0 = Release|Any CPU
		{9EC8C1E8-0688-4EB6-A04D-8EB02A3C468B}.Debug|Any CPU.ActiveCfg = Debug|Any CPU
		{9EC8C1E8-0688-4EB6-A04D-8EB02A3C468B}.Debug|Any CPU.Build.0 = Debug|Any CPU
		{9EC8C1E8-0688-4EB6-A04D-8EB02A3C468B}.Release|Any CPU.ActiveCfg = Release|Any CPU
		{9EC8C1E8-0688-4EB6-A04D-8EB02A3C468B}.Release|Any CPU.Build.0 = Release|Any CPU
		{9E4DF1BD-5783-41B3-A447-508DA4734229}.Debug|Any CPU.ActiveCfg = Debug|Any CPU
		{9E4DF1BD-5783-41B3-A447-508DA4734229}.Debug|Any CPU.Build.0 = Debug|Any CPU
		{9E4DF1BD-5783-41B3-A447-508DA4734229}.Release|Any CPU.ActiveCfg = Release|Any CPU
		{9E4DF1BD-5783-41B3-A447-508DA4734229}.Release|Any CPU.Build.0 = Release|Any CPU
	EndGlobalSection
	GlobalSection(SolutionProperties) = preSolution
		HideSolutionNode = FALSE
	EndGlobalSection
	GlobalSection(ExtensibilityGlobals) = postSolution
		SolutionGuid = {17858383-D5EE-4B6B-B1D7-B17F71C19927}
	EndGlobalSection
EndGlobal
